{
    "_meta": {
        "hash": {
            "sha256": "95ad77fb0b9413a00efff89ea316743d70bae3dd2892897cbd5ba6a382c3e3b5"
        },
        "host-environment-markers": {
            "implementation_name": "cpython",
            "implementation_version": "3.5.1",
            "os_name": "nt",
            "platform_machine": "AMD64",
            "platform_python_implementation": "CPython",
            "platform_release": "10",
            "platform_system": "Windows",
            "platform_version": "10.0.17134",
            "python_full_version": "3.5.1",
            "python_version": "3.5",
            "sys_platform": "win32"
        },
        "pipfile-spec": 6,
        "requires": {},
        "sources": [
            {
                "name": "pypi",
                "url": "https://pypi.python.org/simple",
                "verify_ssl": true
            }
        ]
    },
    "default": {
        "beautifulsoup4": {
            "hashes": [
                "sha256:2545357585a6cc7d050d3c43a86eba2c0b91b9e7ac8a3965e64a6ead6a1a9a3d",
                "sha256:5a3d659840960a4107047b6328d6d4cdaaee69939bf11adc07466a1856c99a80",
                "sha256:4ddc90ad88bccc005a71d8ef32f7b1cd8f935475cd561c4122b2f87de45d28ab",
                "sha256:272081ad78c5495ba67083a0e50920163701fa6fe67fbb5eefeb21b5dd88c40b",
                "sha256:bd43a3b26d2886acd63070c43da821b60dea603eb6d45bab0294aac6129adbfa"
            ],
            "version": "==4.6.1"
        },
        "bs4": {
            "hashes": [
                "sha256:36ecea1fd7cc5c0c6e4a1ff075df26d50da647b75376626cc186e2212886dd3a"
            ],
            "version": "==0.0.1"
        },
        "certifi": {
            "hashes": [
                "sha256:9fa520c1bacfb634fa7af20a76bcbd3d5fb390481724c597da32c719a7dca4b0",
                "sha256:13e698f54293db9f89122b0581843a782ad0934a4fe0172d2a980ba77fc61bb7"
            ],
            "version": "==2018.4.16"
        },
        "chardet": {
            "hashes": [
                "sha256:fc323ffcaeaed0e0a02bf4d117757b98aed530d9ed4531e3e15460124c106691",
                "sha256:84ab92ed1c4d4f16916e05906b6b75a6c0fb5db821cc65e70cbd64a3e2a5eaae"
            ],
            "version": "==3.0.4"
        },
        "idna": {
            "hashes": [
                "sha256:156a6814fb5ac1fc6850fb002e0852d56c0c8d2531923a51032d1b70760e186e",
                "sha256:684a38a6f903c1d71d6d5fac066b58d7768af4de2b832e426ec79c30daa94a16"
            ],
            "version": "==2.7"
        },
        "requests": {
            "hashes": [
                "sha256:63b52e3c866428a224f97cab011de738c36aec0185aa91cfacd418b5d58911d1",
                "sha256:ec22d826a36ed72a7358ff3fe56cbd4ba69dd7a6718ffd450ff0e9df7a47ce6a"
            ],
            "version": "==2.19.1"
        },
        "urllib3": {
            "hashes": [
                "sha256:b5725a0bd4ba422ab0e66e89e030c806576753ea3ee08554382c14e685d117b5",
                "sha256:a68ac5e15e76e7e5dd2b8f94007233e01effe3e50e8daddf69acfd81cb686baf"
            ],
            "version": "==1.23"
        }
    },
    "develop": {}
}
